
Microsoft Visual Studio Solution File, Format Version 12.00
# Visual Studio Version 17
VisualStudioVersion = 17.2.32519.379
MinimumVisualStudioVersion = 10.0.40219.1
Project("{9A19103F-16F7-4668-BE54-9A1E7A4F7556}") = "DesktopContactsApp", "DesktopContactsApp\DesktopContactsApp.csproj", "{133721D3-030A-4789-8741-9B6FFC5F0C5B}"
EndProject
Project("{9A19103F-16F7-4668-BE54-9A1E7A4F7556}") = "DesktopContactsApp.Data", "DesktopContactsApp.Data\DesktopContactsApp.Data.csproj", "{A9E41F68-F760-4E7C-873A-5096040FAB44}"
EndProject
Project("{9A19103F-16F7-4668-BE54-9A1E7A4F7556}") = "DesktopContactsApp.Data.Models", "DesktopContactsApp.Data.Models\DesktopContactsApp.Data.Models.csproj", "{4339B601-3ABE-4125-AF6D-6825DF487C6B}"
EndProject
Global
	GlobalSection(SolutionConfigurationPlatforms) = preSolution
		Debug|Any CPU = Debug|Any CPU
		Release|Any CPU = Release|Any CPU
	EndGlobalSection
	GlobalSection(ProjectConfigurationPlatforms) = postSolution
		{133721D3-030A-4789-8741-9B6FFC5F0C5B}.Debug|Any CPU.ActiveCfg = Debug|Any CPU
		{133721D3-030A-4789-8741-9B6FFC5F0C5B}.Debug|Any CPU.Build.0 = Debug|Any CPU
		{133721D3-030A-4789-8741-9B6FFC5F0C5B}.Release|Any CPU.ActiveCfg = Release|Any CPU
		{133721D3-030A-4789-8741-9B6FFC5F0C5B}.Release|Any CPU.Build.0 = Release|Any CPU
		{A9E41F68-F760-4E7C-873A-5096040FAB44}.Debug|Any CPU.ActiveCfg = Debug|Any CPU
		{A9E41F68-F760-4E7C-873A-5096040FAB44}.Debug|Any CPU.Build.0 = Debug|Any CPU
		{A9E41F68-F760-4E7C-873A-5096040FAB44}.Release|Any CPU.ActiveCfg = Release|Any CPU
		{A9E41F68-F760-4E7C-873A-5096040FAB44}.Release|Any CPU.Build.0 = Release|Any CPU
		{4339B601-3ABE-4125-AF6D-6825DF487C6B}.Debug|Any CPU.ActiveCfg = Debug|Any CPU
		{4339B601-3ABE-4125-AF6D-6825DF487C6B}.Debug|Any CPU.Build.0 = Debug|Any CPU
		{4339B601-3ABE-4125-AF6D-6825DF487C6B}.Release|Any CPU.ActiveCfg = Release|Any CPU
		{4339B601-3ABE-4125-AF6D-6825DF487C6B}.Release|Any CPU.Build.0 = Release|Any CPU
	EndGlobalSection
	GlobalSection(SolutionProperties) = preSolution
		HideSolutionNode = FALSE
	EndGlobalSection
	GlobalSection(ExtensibilityGlobals) = postSolution
		SolutionGuid = {76246E49-00B3-47F5-B864-45E8471B6959}
	EndGlobalSection
EndGlobal
